
Microsoft Visual Studio Solution File, Format Version 12.00
# Visual Studio Version 17
VisualStudioVersion = 17.11.35312.102
MinimumVisualStudioVersion = 10.0.40219.1
Project("{FAE04EC0-301F-11D3-BF4B-00C04F79EFBC}") = "MiniSchoolTask", "MiniSchoolTask.csproj", "{9F413327-20B4-413C-BD25-4EE84F78DB2B}"
EndProject
Global
	GlobalSection(SolutionConfigurationPlatforms) = preSolution
		Debug|Any CPU = Debug|Any CPU
		Release|Any CPU = Release|Any CPU
	EndGlobalSection
	GlobalSection(ProjectConfigurationPlatforms) = postSolution
		{9F413327-20B4-413C-BD25-4EE84F78DB2B}.Debug|Any CPU.ActiveCfg = Debug|Any CPU
		{9F413327-20B4-413C-BD25-4EE84F78DB2B}.Debug|Any CPU.Build.0 = Debug|Any CPU
		{9F413327-20B4-413C-BD25-4EE84F78DB2B}.Release|Any CPU.ActiveCfg = Release|Any CPU
		{9F413327-20B4-413C-BD25-4EE84F78DB2B}.Release|Any CPU.Build.0 = Release|Any CPU
	EndGlobalSection
	GlobalSection(SolutionProperties) = preSolution
		HideSolutionNode = FALSE
	EndGlobalSection
	GlobalSection(ExtensibilityGlobals) = postSolution
		SolutionGuid = {1A483D8A-5C36-4AE1-8409-78DA3B2E92CB}
	EndGlobalSection
EndGlobal
